// !$*UTF8*$!
{
	archiveVersion = 1;
	classes = {
	};
	objectVersion = 56;
	objects = {

/* Begin PBXBuildFile section */
		200000000000000000000001 /* FoodHomeApp.swift in Sources */ = {isa = PBXBuildFile; fileRef = 100000000000000000000001 /* FoodHomeApp.swift */; };
		200000000000000000000002 /* ContentView.swift in Sources */ = {isa = PBXBuildFile; fileRef = 100000000000000000000002 /* ContentView.swift */; };
		200000000000000000000003 /* AppEnvironment.swift in Sources */ = {isa = PBXBuildFile; fileRef = 100000000000000000000003 /* AppEnvironment.swift */; };
		200000000000000000000004 /* RemoteConfigPolicy.swift in Sources */ = {isa = PBXBuildFile; fileRef = 100000000000000000000004 /* RemoteConfigPolicy.swift */; };
		200000000000000000000005 /* NavigationPolicy.swift in Sources */ = {isa = PBXBuildFile; fileRef = 100000000000000000000005 /* NavigationPolicy.swift */; };
		200000000000000000000006 /* PendingDeepLinkStore.swift in Sources */ = {isa = PBXBuildFile; fileRef = 100000000000000000000006 /* PendingDeepLinkStore.swift */; };
		200000000000000000000007 /* CrashLoopBreaker.swift in Sources */ = {isa = PBXBuildFile; fileRef = 100000000000000000000007 /* CrashLoopBreaker.swift */; };
		200000000000000000000008 /* BridgeManifest.swift in Sources */ = {isa = PBXBuildFile; fileRef = 100000000000000000000008 /* BridgeManifest.swift */; };
		200000000000000000000009 /* BridgeSecurityPolicy.swift in Sources */ = {isa = PBXBuildFile; fileRef = 100000000000000000000009 /* BridgeSecurityPolicy.swift */; };
		20000000000000000000000A /* BridgeMessageHandler.swift in Sources */ = {isa = PBXBuildFile; fileRef = 10000000000000000000000A /* BridgeMessageHandler.swift */; };
		20000000000000000000000B /* AppShellState.swift in Sources */ = {isa = PBXBuildFile; fileRef = 10000000000000000000000B /* AppShellState.swift */; };
		20000000000000000000000C /* WebViewStore.swift in Sources */ = {isa = PBXBuildFile; fileRef = 10000000000000000000000C /* WebViewStore.swift */; };
		20000000000000000000000D /* WebViewContainer.swift in Sources */ = {isa = PBXBuildFile; fileRef = 10000000000000000000000D /* WebViewContainer.swift */; };
		20000000000000000000000E /* manifest.json in Resources */ = {isa = PBXBuildFile; fileRef = 10000000000000000000000E /* manifest.json */; };
		20000000000000000000000F /* NavigationCoordinator.swift in Sources */ = {isa = PBXBuildFile; fileRef = 10000000000000000000000F /* NavigationCoordinator.swift */; };
		200000000000000000000010 /* CapabilityPolicies.swift in Sources */ = {isa = PBXBuildFile; fileRef = 100000000000000000000010 /* CapabilityPolicies.swift */; };
		200000000000000000000011 /* PushLifecyclePolicy.swift in Sources */ = {isa = PBXBuildFile; fileRef = 100000000000000000000011 /* PushLifecyclePolicy.swift */; };
		200000000000000000000012 /* IOSCapabilityCoordinator.swift in Sources */ = {isa = PBXBuildFile; fileRef = 100000000000000000000012 /* IOSCapabilityCoordinator.swift */; };
		200000000000000000000013 /* IOSLocationProvider.swift in Sources */ = {isa = PBXBuildFile; fileRef = 100000000000000000000013 /* IOSLocationProvider.swift */; };
		200000000000000000000014 /* IOSNotificationCoordinator.swift in Sources */ = {isa = PBXBuildFile; fileRef = 100000000000000000000014 /* IOSNotificationCoordinator.swift */; };
		200000000000000000000015 /* FoodHomeAppDelegate.swift in Sources */ = {isa = PBXBuildFile; fileRef = 100000000000000000000015 /* FoodHomeAppDelegate.swift */; };
		200000000000000000000016 /* TemporaryMediaStore.swift in Sources */ = {isa = PBXBuildFile; fileRef = 100000000000000000000016 /* TemporaryMediaStore.swift */; };
		200000000000000000000017 /* IOSMediaPickerCoordinator.swift in Sources */ = {isa = PBXBuildFile; fileRef = 100000000000000000000017 /* IOSMediaPickerCoordinator.swift */; };
		200000000000000000000018 /* NativeEventQueue.swift in Sources */ = {isa = PBXBuildFile; fileRef = 100000000000000000000018 /* NativeEventQueue.swift */; };
		200000000000000000000019 /* PaymentModels.swift in Sources */ = {isa = PBXBuildFile; fileRef = 100000000000000000000019 /* PaymentModels.swift */; };
		20000000000000000000001A /* PaymentLaunchPolicy.swift in Sources */ = {isa = PBXBuildFile; fileRef = 10000000000000000000001A /* PaymentLaunchPolicy.swift */; };
		20000000000000000000001B /* PaymentRecoveryStore.swift in Sources */ = {isa = PBXBuildFile; fileRef = 10000000000000000000001B /* PaymentRecoveryStore.swift */; };
		20000000000000000000001C /* PaymentCoordinator.swift in Sources */ = {isa = PBXBuildFile; fileRef = 10000000000000000000001C /* PaymentCoordinator.swift */; };
		20000000000000000000001D /* IOSPaymentLauncher.swift in Sources */ = {isa = PBXBuildFile; fileRef = 10000000000000000000001D /* IOSPaymentLauncher.swift */; };
		20000000000000000000001E /* IOSPaymentReturnRouter.swift in Sources */ = {isa = PBXBuildFile; fileRef = 10000000000000000000001E /* IOSPaymentReturnRouter.swift */; };
		20000000000000000000001F /* TelemetryEvent.swift in Sources */ = {isa = PBXBuildFile; fileRef = 10000000000000000000001F /* TelemetryEvent.swift */; };
		200000000000000000000020 /* TelemetrySanitizer.swift in Sources */ = {isa = PBXBuildFile; fileRef = 100000000000000000000020 /* TelemetrySanitizer.swift */; };
		200000000000000000000021 /* TelemetrySink.swift in Sources */ = {isa = PBXBuildFile; fileRef = 100000000000000000000021 /* TelemetrySink.swift */; };
		210000000000000000000001 /* AppEnvironmentTests.swift in Sources */ = {isa = PBXBuildFile; fileRef = 110000000000000000000001 /* AppEnvironmentTests.swift */; };
		210000000000000000000002 /* NavigationPolicyTests.swift in Sources */ = {isa = PBXBuildFile; fileRef = 110000000000000000000002 /* NavigationPolicyTests.swift */; };
		210000000000000000000003 /* BridgeSecurityPolicyTests.swift in Sources */ = {isa = PBXBuildFile; fileRef = 110000000000000000000003 /* BridgeSecurityPolicyTests.swift */; };
		210000000000000000000004 /* RemoteConfigPolicyTests.swift in Sources */ = {isa = PBXBuildFile; fileRef = 110000000000000000000004 /* RemoteConfigPolicyTests.swift */; };
		210000000000000000000005 /* RecoveryAndDeepLinkTests.swift in Sources */ = {isa = PBXBuildFile; fileRef = 110000000000000000000005 /* RecoveryAndDeepLinkTests.swift */; };
		210000000000000000000006 /* NavigationCoordinatorTests.swift in Sources */ = {isa = PBXBuildFile; fileRef = 110000000000000000000006 /* NavigationCoordinatorTests.swift */; };
		210000000000000000000007 /* BridgeCapabilityPolicyTests.swift in Sources */ = {isa = PBXBuildFile; fileRef = 110000000000000000000007 /* BridgeCapabilityPolicyTests.swift */; };
		210000000000000000000008 /* PushLifecyclePolicyTests.swift in Sources */ = {isa = PBXBuildFile; fileRef = 110000000000000000000008 /* PushLifecyclePolicyTests.swift */; };
		210000000000000000000009 /* IOSCapabilityCoordinatorTests.swift in Sources */ = {isa = PBXBuildFile; fileRef = 110000000000000000000009 /* IOSCapabilityCoordinatorTests.swift */; };
		21000000000000000000000A /* TemporaryMediaStoreTests.swift in Sources */ = {isa = PBXBuildFile; fileRef = 11000000000000000000000A /* TemporaryMediaStoreTests.swift */; };
		21000000000000000000000B /* PaymentLaunchPolicyTests.swift in Sources */ = {isa = PBXBuildFile; fileRef = 11000000000000000000000B /* PaymentLaunchPolicyTests.swift */; };
		21000000000000000000000C /* PaymentRecoveryStoreTests.swift in Sources */ = {isa = PBXBuildFile; fileRef = 11000000000000000000000C /* PaymentRecoveryStoreTests.swift */; };
		21000000000000000000000D /* PaymentCoordinatorTests.swift in Sources */ = {isa = PBXBuildFile; fileRef = 11000000000000000000000D /* PaymentCoordinatorTests.swift */; };
		21000000000000000000000E /* NativeEventQueueTests.swift in Sources */ = {isa = PBXBuildFile; fileRef = 11000000000000000000000E /* NativeEventQueueTests.swift */; };
		21000000000000000000000F /* IOSPaymentReturnRouterTests.swift in Sources */ = {isa = PBXBuildFile; fileRef = 11000000000000000000000F /* IOSPaymentReturnRouterTests.swift */; };
		210000000000000000000010 /* TelemetrySanitizerTests.swift in Sources */ = {isa = PBXBuildFile; fileRef = 110000000000000000000010 /* TelemetrySanitizerTests.swift */; };
		220000000000000000000001 /* FoodHomeAppUITests.swift in Sources */ = {isa = PBXBuildFile; fileRef = 130000000000000000000001 /* FoodHomeAppUITests.swift */; };
/* End PBXBuildFile section */

/* Begin PBXContainerItemProxy section */
		700000000000000000000001 /* PBXContainerItemProxy */ = {
			isa = PBXContainerItemProxy;
			containerPortal = 000000000000000000000001 /* Project object */;
			proxyType = 1;
			remoteGlobalIDString = 400000000000000000000001;
			remoteInfo = FoodHomeApp;
		};
		700000000000000000000002 /* PBXContainerItemProxy */ = {
			isa = PBXContainerItemProxy;
			containerPortal = 000000000000000000000001 /* Project object */;
			proxyType = 1;
			remoteGlobalIDString = 400000000000000000000001;
			remoteInfo = FoodHomeApp;
		};
/* End PBXContainerItemProxy section */

/* Begin PBXFileReference section */
		100000000000000000000001 /* FoodHomeApp.swift */ = {isa = PBXFileReference; lastKnownFileType = sourcecode.swift; path = FoodHomeApp.swift; sourceTree = "<group>"; };
		100000000000000000000002 /* ContentView.swift */ = {isa = PBXFileReference; lastKnownFileType = sourcecode.swift; path = ContentView.swift; sourceTree = "<group>"; };
		100000000000000000000003 /* AppEnvironment.swift */ = {isa = PBXFileReference; lastKnownFileType = sourcecode.swift; path = AppEnvironment.swift; sourceTree = "<group>"; };
		100000000000000000000004 /* RemoteConfigPolicy.swift */ = {isa = PBXFileReference; lastKnownFileType = sourcecode.swift; path = RemoteConfigPolicy.swift; sourceTree = "<group>"; };
		100000000000000000000005 /* NavigationPolicy.swift */ = {isa = PBXFileReference; lastKnownFileType = sourcecode.swift; path = NavigationPolicy.swift; sourceTree = "<group>"; };
		100000000000000000000006 /* PendingDeepLinkStore.swift */ = {isa = PBXFileReference; lastKnownFileType = sourcecode.swift; path = PendingDeepLinkStore.swift; sourceTree = "<group>"; };
		100000000000000000000007 /* CrashLoopBreaker.swift */ = {isa = PBXFileReference; lastKnownFileType = sourcecode.swift; path = CrashLoopBreaker.swift; sourceTree = "<group>"; };
		100000000000000000000008 /* BridgeManifest.swift */ = {isa = PBXFileReference; lastKnownFileType = sourcecode.swift; path = BridgeManifest.swift; sourceTree = "<group>"; };
		100000000000000000000009 /* BridgeSecurityPolicy.swift */ = {isa = PBXFileReference; lastKnownFileType = sourcecode.swift; path = BridgeSecurityPolicy.swift; sourceTree = "<group>"; };
		10000000000000000000000A /* BridgeMessageHandler.swift */ = {isa = PBXFileReference; lastKnownFileType = sourcecode.swift; path = BridgeMessageHandler.swift; sourceTree = "<group>"; };
		10000000000000000000000B /* AppShellState.swift */ = {isa = PBXFileReference; lastKnownFileType = sourcecode.swift; path = AppShellState.swift; sourceTree = "<group>"; };
		10000000000000000000000C /* WebViewStore.swift */ = {isa = PBXFileReference; lastKnownFileType = sourcecode.swift; path = WebViewStore.swift; sourceTree = "<group>"; };
		10000000000000000000000D /* WebViewContainer.swift */ = {isa = PBXFileReference; lastKnownFileType = sourcecode.swift; path = WebViewContainer.swift; sourceTree = "<group>"; };
		10000000000000000000000E /* manifest.json */ = {isa = PBXFileReference; lastKnownFileType = text.json; name = manifest.json; path = ../bridge-contract/manifest.json; sourceTree = SOURCE_ROOT; };
		10000000000000000000000F /* NavigationCoordinator.swift */ = {isa = PBXFileReference; lastKnownFileType = sourcecode.swift; path = NavigationCoordinator.swift; sourceTree = "<group>"; };
		100000000000000000000010 /* CapabilityPolicies.swift */ = {isa = PBXFileReference; lastKnownFileType = sourcecode.swift; path = CapabilityPolicies.swift; sourceTree = "<group>"; };
		100000000000000000000011 /* PushLifecyclePolicy.swift */ = {isa = PBXFileReference; lastKnownFileType = sourcecode.swift; path = PushLifecyclePolicy.swift; sourceTree = "<group>"; };
		100000000000000000000012 /* IOSCapabilityCoordinator.swift */ = {isa = PBXFileReference; lastKnownFileType = sourcecode.swift; path = IOSCapabilityCoordinator.swift; sourceTree = "<group>"; };
		100000000000000000000013 /* IOSLocationProvider.swift */ = {isa = PBXFileReference; lastKnownFileType = sourcecode.swift; path = IOSLocationProvider.swift; sourceTree = "<group>"; };
		100000000000000000000014 /* IOSNotificationCoordinator.swift */ = {isa = PBXFileReference; lastKnownFileType = sourcecode.swift; path = IOSNotificationCoordinator.swift; sourceTree = "<group>"; };
		100000000000000000000015 /* FoodHomeAppDelegate.swift */ = {isa = PBXFileReference; lastKnownFileType = sourcecode.swift; path = FoodHomeAppDelegate.swift; sourceTree = "<group>"; };
		100000000000000000000016 /* TemporaryMediaStore.swift */ = {isa = PBXFileReference; lastKnownFileType = sourcecode.swift; path = TemporaryMediaStore.swift; sourceTree = "<group>"; };
		100000000000000000000017 /* IOSMediaPickerCoordinator.swift */ = {isa = PBXFileReference; lastKnownFileType = sourcecode.swift; path = IOSMediaPickerCoordinator.swift; sourceTree = "<group>"; };
		100000000000000000000018 /* NativeEventQueue.swift */ = {isa = PBXFileReference; lastKnownFileType = sourcecode.swift; path = NativeEventQueue.swift; sourceTree = "<group>"; };
		100000000000000000000019 /* PaymentModels.swift */ = {isa = PBXFileReference; lastKnownFileType = sourcecode.swift; path = PaymentModels.swift; sourceTree = "<group>"; };
		10000000000000000000001A /* PaymentLaunchPolicy.swift */ = {isa = PBXFileReference; lastKnownFileType = sourcecode.swift; path = PaymentLaunchPolicy.swift; sourceTree = "<group>"; };
		10000000000000000000001B /* PaymentRecoveryStore.swift */ = {isa = PBXFileReference; lastKnownFileType = sourcecode.swift; path = PaymentRecoveryStore.swift; sourceTree = "<group>"; };
		10000000000000000000001C /* PaymentCoordinator.swift */ = {isa = PBXFileReference; lastKnownFileType = sourcecode.swift; path = PaymentCoordinator.swift; sourceTree = "<group>"; };
		10000000000000000000001D /* IOSPaymentLauncher.swift */ = {isa = PBXFileReference; lastKnownFileType = sourcecode.swift; path = IOSPaymentLauncher.swift; sourceTree = "<group>"; };
		10000000000000000000001E /* IOSPaymentReturnRouter.swift */ = {isa = PBXFileReference; lastKnownFileType = sourcecode.swift; path = IOSPaymentReturnRouter.swift; sourceTree = "<group>"; };
		10000000000000000000001F /* TelemetryEvent.swift */ = {isa = PBXFileReference; lastKnownFileType = sourcecode.swift; path = TelemetryEvent.swift; sourceTree = "<group>"; };
		100000000000000000000020 /* TelemetrySanitizer.swift */ = {isa = PBXFileReference; lastKnownFileType = sourcecode.swift; path = TelemetrySanitizer.swift; sourceTree = "<group>"; };
		100000000000000000000021 /* TelemetrySink.swift */ = {isa = PBXFileReference; lastKnownFileType = sourcecode.swift; path = TelemetrySink.swift; sourceTree = "<group>"; };
		110000000000000000000001 /* AppEnvironmentTests.swift */ = {isa = PBXFileReference; lastKnownFileType = sourcecode.swift; path = AppEnvironmentTests.swift; sourceTree = "<group>"; };
		110000000000000000000002 /* NavigationPolicyTests.swift */ = {isa = PBXFileReference; lastKnownFileType = sourcecode.swift; path = NavigationPolicyTests.swift; sourceTree = "<group>"; };
		110000000000000000000003 /* BridgeSecurityPolicyTests.swift */ = {isa = PBXFileReference; lastKnownFileType = sourcecode.swift; path = BridgeSecurityPolicyTests.swift; sourceTree = "<group>"; };
		110000000000000000000004 /* RemoteConfigPolicyTests.swift */ = {isa = PBXFileReference; lastKnownFileType = sourcecode.swift; path = RemoteConfigPolicyTests.swift; sourceTree = "<group>"; };
		110000000000000000000005 /* RecoveryAndDeepLinkTests.swift */ = {isa = PBXFileReference; lastKnownFileType = sourcecode.swift; path = RecoveryAndDeepLinkTests.swift; sourceTree = "<group>"; };
		110000000000000000000006 /* NavigationCoordinatorTests.swift */ = {isa = PBXFileReference; lastKnownFileType = sourcecode.swift; path = NavigationCoordinatorTests.swift; sourceTree = "<group>"; };
		110000000000000000000007 /* BridgeCapabilityPolicyTests.swift */ = {isa = PBXFileReference; lastKnownFileType = sourcecode.swift; path = BridgeCapabilityPolicyTests.swift; sourceTree = "<group>"; };
		110000000000000000000008 /* PushLifecyclePolicyTests.swift */ = {isa = PBXFileReference; lastKnownFileType = sourcecode.swift; path = PushLifecyclePolicyTests.swift; sourceTree = "<group>"; };
		110000000000000000000009 /* IOSCapabilityCoordinatorTests.swift */ = {isa = PBXFileReference; lastKnownFileType = sourcecode.swift; path = IOSCapabilityCoordinatorTests.swift; sourceTree = "<group>"; };
		11000000000000000000000A /* TemporaryMediaStoreTests.swift */ = {isa = PBXFileReference; lastKnownFileType = sourcecode.swift; path = TemporaryMediaStoreTests.swift; sourceTree = "<group>"; };
		11000000000000000000000B /* PaymentLaunchPolicyTests.swift */ = {isa = PBXFileReference; lastKnownFileType = sourcecode.swift; path = PaymentLaunchPolicyTests.swift; sourceTree = "<group>"; };
		11000000000000000000000C /* PaymentRecoveryStoreTests.swift */ = {isa = PBXFileReference; lastKnownFileType = sourcecode.swift; path = PaymentRecoveryStoreTests.swift; sourceTree = "<group>"; };
		11000000000000000000000D /* PaymentCoordinatorTests.swift */ = {isa = PBXFileReference; lastKnownFileType = sourcecode.swift; path = PaymentCoordinatorTests.swift; sourceTree = "<group>"; };
		11000000000000000000000E /* NativeEventQueueTests.swift */ = {isa = PBXFileReference; lastKnownFileType = sourcecode.swift; path = NativeEventQueueTests.swift; sourceTree = "<group>"; };
		11000000000000000000000F /* IOSPaymentReturnRouterTests.swift */ = {isa = PBXFileReference; lastKnownFileType = sourcecode.swift; path = IOSPaymentReturnRouterTests.swift; sourceTree = "<group>"; };
		110000000000000000000010 /* TelemetrySanitizerTests.swift */ = {isa = PBXFileReference; lastKnownFileType = sourcecode.swift; path = TelemetrySanitizerTests.swift; sourceTree = "<group>"; };
		130000000000000000000001 /* FoodHomeAppUITests.swift */ = {isa = PBXFileReference; lastKnownFileType = sourcecode.swift; path = FoodHomeAppUITests.swift; sourceTree = "<group>"; };
		120000000000000000000001 /* FoodHomeApp.app */ = {isa = PBXFileReference; explicitFileType = wrapper.application; includeInIndex = 0; path = FoodHomeApp.app; sourceTree = BUILT_PRODUCTS_DIR; };
		120000000000000000000002 /* FoodHomeAppTests.xctest */ = {isa = PBXFileReference; explicitFileType = wrapper.cfbundle; includeInIndex = 0; path = FoodHomeAppTests.xctest; sourceTree = BUILT_PRODUCTS_DIR; };
		120000000000000000000003 /* FoodHomeAppUITests.xctest */ = {isa = PBXFileReference; explicitFileType = wrapper.cfbundle; includeInIndex = 0; path = FoodHomeAppUITests.xctest; sourceTree = BUILT_PRODUCTS_DIR; };
/* End PBXFileReference section */

/* Begin PBXFrameworksBuildPhase section */
		300000000000000000000002 /* Frameworks */ = {
			isa = PBXFrameworksBuildPhase;
			buildActionMask = 2147483647;
			files = (
			);
			runOnlyForDeploymentPostprocessing = 0;
		};
		310000000000000000000002 /* Frameworks */ = {
			isa = PBXFrameworksBuildPhase;
			buildActionMask = 2147483647;
			files = (
			);
			runOnlyForDeploymentPostprocessing = 0;
		};
		320000000000000000000002 /* Frameworks */ = {
			isa = PBXFrameworksBuildPhase;
			buildActionMask = 2147483647;
			files = (
			);
			runOnlyForDeploymentPostprocessing = 0;
		};
/* End PBXFrameworksBuildPhase section */

/* Begin PBXGroup section */
		000000000000000000000002 = {
			isa = PBXGroup;
			children = (
				000000000000000000000004 /* FoodHomeApp */,
				00000000000000000000000B /* FoodHomeAppTests */,
				00000000000000000000000C /* FoodHomeAppUITests */,
				10000000000000000000000E /* manifest.json */,
				000000000000000000000003 /* Products */,
			);
			sourceTree = "<group>";
		};
		000000000000000000000003 /* Products */ = {
			isa = PBXGroup;
			children = (
				120000000000000000000001 /* FoodHomeApp.app */,
				120000000000000000000002 /* FoodHomeAppTests.xctest */,
				120000000000000000000003 /* FoodHomeAppUITests.xctest */,
			);
			name = Products;
			sourceTree = "<group>";
		};
		000000000000000000000004 /* FoodHomeApp */ = {
			isa = PBXGroup;
			children = (
				100000000000000000000001 /* FoodHomeApp.swift */,
				100000000000000000000002 /* ContentView.swift */,
				000000000000000000000005 /* Configuration */,
				000000000000000000000006 /* Navigation */,
				000000000000000000000007 /* Recovery */,
				000000000000000000000008 /* Bridge */,
				00000000000000000000000D /* Capabilities */,
				00000000000000000000000E /* Notifications */,
				00000000000000000000000F /* Location */,
				000000000000000000000010 /* Media */,
				000000000000000000000011 /* Payments */,
				000000000000000000000012 /* Telemetry */,
				000000000000000000000009 /* UI */,
				00000000000000000000000A /* WebView */,
			);
			path = FoodHomeApp;
			sourceTree = "<group>";
		};
		000000000000000000000005 /* Configuration */ = {
			isa = PBXGroup;
			children = (
				100000000000000000000003 /* AppEnvironment.swift */,
				100000000000000000000004 /* RemoteConfigPolicy.swift */,
			);
			path = Configuration;
			sourceTree = "<group>";
		};
		000000000000000000000006 /* Navigation */ = {
			isa = PBXGroup;
			children = (
				100000000000000000000005 /* NavigationPolicy.swift */,
				100000000000000000000006 /* PendingDeepLinkStore.swift */,
				10000000000000000000000F /* NavigationCoordinator.swift */,
			);
			path = Navigation;
			sourceTree = "<group>";
		};
		000000000000000000000007 /* Recovery */ = {
			isa = PBXGroup;
			children = (
				100000000000000000000007 /* CrashLoopBreaker.swift */,
			);
			path = Recovery;
			sourceTree = "<group>";
		};
		000000000000000000000008 /* Bridge */ = {
			isa = PBXGroup;
			children = (
				100000000000000000000008 /* BridgeManifest.swift */,
				100000000000000000000009 /* BridgeSecurityPolicy.swift */,
				10000000000000000000000A /* BridgeMessageHandler.swift */,
				100000000000000000000018 /* NativeEventQueue.swift */,
			);
			path = Bridge;
			sourceTree = "<group>";
		};
		000000000000000000000009 /* UI */ = {
			isa = PBXGroup;
			children = (
				10000000000000000000000B /* AppShellState.swift */,
			);
			path = UI;
			sourceTree = "<group>";
		};
		00000000000000000000000A /* WebView */ = {
			isa = PBXGroup;
			children = (
				10000000000000000000000C /* WebViewStore.swift */,
				10000000000000000000000D /* WebViewContainer.swift */,
			);
			path = WebView;
			sourceTree = "<group>";
		};
		00000000000000000000000D /* Capabilities */ = {
			isa = PBXGroup;
			children = (
				100000000000000000000010 /* CapabilityPolicies.swift */,
				100000000000000000000012 /* IOSCapabilityCoordinator.swift */,
			);
			path = Capabilities;
			sourceTree = "<group>";
		};
		00000000000000000000000E /* Notifications */ = {
			isa = PBXGroup;
			children = (
				100000000000000000000011 /* PushLifecyclePolicy.swift */,
				100000000000000000000014 /* IOSNotificationCoordinator.swift */,
				100000000000000000000015 /* FoodHomeAppDelegate.swift */,
			);
			path = Notifications;
			sourceTree = "<group>";
		};
		00000000000000000000000F /* Location */ = {
			isa = PBXGroup;
			children = (
				100000000000000000000013 /* IOSLocationProvider.swift */,
			);
			path = Location;
			sourceTree = "<group>";
		};
		000000000000000000000010 /* Media */ = {
			isa = PBXGroup;
			children = (
				100000000000000000000016 /* TemporaryMediaStore.swift */,
				100000000000000000000017 /* IOSMediaPickerCoordinator.swift */,
			);
			path = Media;
			sourceTree = "<group>";
		};
		000000000000000000000011 /* Payments */ = {
			isa = PBXGroup;
			children = (
				100000000000000000000019 /* PaymentModels.swift */,
				10000000000000000000001A /* PaymentLaunchPolicy.swift */,
				10000000000000000000001B /* PaymentRecoveryStore.swift */,
				10000000000000000000001C /* PaymentCoordinator.swift */,
				10000000000000000000001D /* IOSPaymentLauncher.swift */,
				10000000000000000000001E /* IOSPaymentReturnRouter.swift */,
			);
			path = Payments;
			sourceTree = "<group>";
		};
		000000000000000000000012 /* Telemetry */ = {
			isa = PBXGroup;
			children = (
				10000000000000000000001F /* TelemetryEvent.swift */,
				100000000000000000000020 /* TelemetrySanitizer.swift */,
				100000000000000000000021 /* TelemetrySink.swift */,
			);
			path = Telemetry;
			sourceTree = "<group>";
		};
		00000000000000000000000B /* FoodHomeAppTests */ = {
			isa = PBXGroup;
			children = (
				110000000000000000000001 /* AppEnvironmentTests.swift */,
				110000000000000000000002 /* NavigationPolicyTests.swift */,
				110000000000000000000003 /* BridgeSecurityPolicyTests.swift */,
				110000000000000000000004 /* RemoteConfigPolicyTests.swift */,
				110000000000000000000005 /* RecoveryAndDeepLinkTests.swift */,
				110000000000000000000006 /* NavigationCoordinatorTests.swift */,
				110000000000000000000007 /* BridgeCapabilityPolicyTests.swift */,
				110000000000000000000008 /* PushLifecyclePolicyTests.swift */,
				110000000000000000000009 /* IOSCapabilityCoordinatorTests.swift */,
				11000000000000000000000A /* TemporaryMediaStoreTests.swift */,
				11000000000000000000000B /* PaymentLaunchPolicyTests.swift */,
				11000000000000000000000C /* PaymentRecoveryStoreTests.swift */,
				11000000000000000000000D /* PaymentCoordinatorTests.swift */,
				11000000000000000000000E /* NativeEventQueueTests.swift */,
				11000000000000000000000F /* IOSPaymentReturnRouterTests.swift */,
				110000000000000000000010 /* TelemetrySanitizerTests.swift */,
			);
			path = FoodHomeAppTests;
			sourceTree = "<group>";
		};
		00000000000000000000000C /* FoodHomeAppUITests */ = {
			isa = PBXGroup;
			children = (
				130000000000000000000001 /* FoodHomeAppUITests.swift */,
			);
			path = FoodHomeAppUITests;
			sourceTree = "<group>";
		};
/* End PBXGroup section */

/* Begin PBXNativeTarget section */
		400000000000000000000001 /* FoodHomeApp */ = {
			isa = PBXNativeTarget;
			buildConfigurationList = 610000000000000000000001 /* Build configuration list for PBXNativeTarget "FoodHomeApp" */;
			buildPhases = (
				300000000000000000000001 /* Sources */,
				300000000000000000000002 /* Frameworks */,
				300000000000000000000003 /* Resources */,
			);
			buildRules = (
			);
			dependencies = (
			);
			name = FoodHomeApp;
			productName = FoodHomeApp;
			productReference = 120000000000000000000001 /* FoodHomeApp.app */;
			productType = "com.apple.product-type.application";
		};
		400000000000000000000002 /* FoodHomeAppTests */ = {
			isa = PBXNativeTarget;
			buildConfigurationList = 620000000000000000000001 /* Build configuration list for PBXNativeTarget "FoodHomeAppTests" */;
			buildPhases = (
				310000000000000000000001 /* Sources */,
				310000000000000000000002 /* Frameworks */,
				310000000000000000000003 /* Resources */,
			);
			buildRules = (
			);
			dependencies = (
				710000000000000000000001 /* PBXTargetDependency */,
			);
			name = FoodHomeAppTests;
			productName = FoodHomeAppTests;
			productReference = 120000000000000000000002 /* FoodHomeAppTests.xctest */;
			productType = "com.apple.product-type.bundle.unit-test";
		};
		400000000000000000000003 /* FoodHomeAppUITests */ = {
			isa = PBXNativeTarget;
			buildConfigurationList = 630000000000000000000001 /* Build configuration list for PBXNativeTarget "FoodHomeAppUITests" */;
			buildPhases = (
				320000000000000000000001 /* Sources */,
				320000000000000000000002 /* Frameworks */,
				320000000000000000000003 /* Resources */,
			);
			buildRules = (
			);
			dependencies = (
				710000000000000000000002 /* PBXTargetDependency */,
			);
			name = FoodHomeAppUITests;
			productName = FoodHomeAppUITests;
			productReference = 120000000000000000000003 /* FoodHomeAppUITests.xctest */;
			productType = "com.apple.product-type.bundle.ui-testing";
		};
/* End PBXNativeTarget section */

/* Begin PBXProject section */
		000000000000000000000001 /* Project object */ = {
			isa = PBXProject;
			attributes = {
				BuildIndependentTargetsInParallel = 1;
				LastSwiftUpdateCheck = 1600;
				LastUpgradeCheck = 1600;
				TargetAttributes = {
					400000000000000000000001 = {
						CreatedOnToolsVersion = 16.0;
					};
					400000000000000000000002 = {
						CreatedOnToolsVersion = 16.0;
						TestTargetID = 400000000000000000000001;
					};
					400000000000000000000003 = {
						CreatedOnToolsVersion = 16.0;
						TestTargetID = 400000000000000000000001;
					};
				};
			};
			buildConfigurationList = 600000000000000000000001 /* Build configuration list for PBXProject "FoodHomeApp" */;
			compatibilityVersion = "Xcode 15.0";
			developmentRegion = en;
			hasScannedForEncodings = 0;
			knownRegions = (
				en,
				Base,
			);
			mainGroup = 000000000000000000000002;
			productRefGroup = 000000000000000000000003 /* Products */;
			projectDirPath = "";
			projectRoot = "";
			targets = (
				400000000000000000000001 /* FoodHomeApp */,
				400000000000000000000002 /* FoodHomeAppTests */,
				400000000000000000000003 /* FoodHomeAppUITests */,
			);
		};
/* End PBXProject section */

/* Begin PBXResourcesBuildPhase section */
		300000000000000000000003 /* Resources */ = {
			isa = PBXResourcesBuildPhase;
			buildActionMask = 2147483647;
			files = (
				20000000000000000000000E /* manifest.json in Resources */,
			);
			runOnlyForDeploymentPostprocessing = 0;
		};
		310000000000000000000003 /* Resources */ = {
			isa = PBXResourcesBuildPhase;
			buildActionMask = 2147483647;
			files = (
			);
			runOnlyForDeploymentPostprocessing = 0;
		};
		320000000000000000000003 /* Resources */ = {
			isa = PBXResourcesBuildPhase;
			buildActionMask = 2147483647;
			files = (
			);
			runOnlyForDeploymentPostprocessing = 0;
		};
/* End PBXResourcesBuildPhase section */

/* Begin PBXSourcesBuildPhase section */
		300000000000000000000001 /* Sources */ = {
			isa = PBXSourcesBuildPhase;
			buildActionMask = 2147483647;
			files = (
				200000000000000000000001 /* FoodHomeApp.swift in Sources */,
				200000000000000000000002 /* ContentView.swift in Sources */,
				200000000000000000000003 /* AppEnvironment.swift in Sources */,
				200000000000000000000004 /* RemoteConfigPolicy.swift in Sources */,
				200000000000000000000005 /* NavigationPolicy.swift in Sources */,
				200000000000000000000006 /* PendingDeepLinkStore.swift in Sources */,
				200000000000000000000007 /* CrashLoopBreaker.swift in Sources */,
				200000000000000000000008 /* BridgeManifest.swift in Sources */,
				200000000000000000000009 /* BridgeSecurityPolicy.swift in Sources */,
				20000000000000000000000A /* BridgeMessageHandler.swift in Sources */,
				20000000000000000000000B /* AppShellState.swift in Sources */,
				20000000000000000000000C /* WebViewStore.swift in Sources */,
				20000000000000000000000D /* WebViewContainer.swift in Sources */,
				20000000000000000000000F /* NavigationCoordinator.swift in Sources */,
				200000000000000000000010 /* CapabilityPolicies.swift in Sources */,
				200000000000000000000011 /* PushLifecyclePolicy.swift in Sources */,
				200000000000000000000012 /* IOSCapabilityCoordinator.swift in Sources */,
				200000000000000000000013 /* IOSLocationProvider.swift in Sources */,
				200000000000000000000014 /* IOSNotificationCoordinator.swift in Sources */,
				200000000000000000000015 /* FoodHomeAppDelegate.swift in Sources */,
				200000000000000000000016 /* TemporaryMediaStore.swift in Sources */,
				200000000000000000000017 /* IOSMediaPickerCoordinator.swift in Sources */,
				200000000000000000000018 /* NativeEventQueue.swift in Sources */,
				200000000000000000000019 /* PaymentModels.swift in Sources */,
				20000000000000000000001A /* PaymentLaunchPolicy.swift in Sources */,
				20000000000000000000001B /* PaymentRecoveryStore.swift in Sources */,
				20000000000000000000001C /* PaymentCoordinator.swift in Sources */,
				20000000000000000000001D /* IOSPaymentLauncher.swift in Sources */,
				20000000000000000000001E /* IOSPaymentReturnRouter.swift in Sources */,
				20000000000000000000001F /* TelemetryEvent.swift in Sources */,
				200000000000000000000020 /* TelemetrySanitizer.swift in Sources */,
				200000000000000000000021 /* TelemetrySink.swift in Sources */,
			);
			runOnlyForDeploymentPostprocessing = 0;
		};
		310000000000000000000001 /* Sources */ = {
			isa = PBXSourcesBuildPhase;
			buildActionMask = 2147483647;
			files = (
				210000000000000000000001 /* AppEnvironmentTests.swift in Sources */,
				210000000000000000000002 /* NavigationPolicyTests.swift in Sources */,
				210000000000000000000003 /* BridgeSecurityPolicyTests.swift in Sources */,
				210000000000000000000004 /* RemoteConfigPolicyTests.swift in Sources */,
				210000000000000000000005 /* RecoveryAndDeepLinkTests.swift in Sources */,
				210000000000000000000006 /* NavigationCoordinatorTests.swift in Sources */,
				210000000000000000000007 /* BridgeCapabilityPolicyTests.swift in Sources */,
				210000000000000000000008 /* PushLifecyclePolicyTests.swift in Sources */,
				210000000000000000000009 /* IOSCapabilityCoordinatorTests.swift in Sources */,
				21000000000000000000000A /* TemporaryMediaStoreTests.swift in Sources */,
				21000000000000000000000B /* PaymentLaunchPolicyTests.swift in Sources */,
				21000000000000000000000C /* PaymentRecoveryStoreTests.swift in Sources */,
				21000000000000000000000D /* PaymentCoordinatorTests.swift in Sources */,
				21000000000000000000000E /* NativeEventQueueTests.swift in Sources */,
				21000000000000000000000F /* IOSPaymentReturnRouterTests.swift in Sources */,
				210000000000000000000010 /* TelemetrySanitizerTests.swift in Sources */,
			);
			runOnlyForDeploymentPostprocessing = 0;
		};
		320000000000000000000001 /* Sources */ = {
			isa = PBXSourcesBuildPhase;
			buildActionMask = 2147483647;
			files = (
				220000000000000000000001 /* FoodHomeAppUITests.swift in Sources */,
			);
			runOnlyForDeploymentPostprocessing = 0;
		};
/* End PBXSourcesBuildPhase section */

/* Begin PBXTargetDependency section */
		710000000000000000000001 /* PBXTargetDependency */ = {
			isa = PBXTargetDependency;
			target = 400000000000000000000001 /* FoodHomeApp */;
			targetProxy = 700000000000000000000001 /* PBXContainerItemProxy */;
		};
		710000000000000000000002 /* PBXTargetDependency */ = {
			isa = PBXTargetDependency;
			target = 400000000000000000000001 /* FoodHomeApp */;
			targetProxy = 700000000000000000000002 /* PBXContainerItemProxy */;
		};
/* End PBXTargetDependency section */

/* Begin XCBuildConfiguration section */
		500000000000000000000001 /* Debug */ = {
			isa = XCBuildConfiguration;
			buildSettings = {
				ALWAYS_SEARCH_USER_PATHS = NO;
				CLANG_ANALYZER_NONNULL = YES;
				CLANG_ANALYZER_NUMBER_OBJECT_CONVERSION = YES_AGGRESSIVE;
				CLANG_CXX_LANGUAGE_STANDARD = "gnu++20";
				CLANG_ENABLE_MODULES = YES;
				CLANG_ENABLE_OBJC_ARC = YES;
				CLANG_ENABLE_OBJC_WEAK = YES;
				CLANG_WARN_BLOCK_CAPTURE_AUTORELEASING = YES;
				CLANG_WARN_BOOL_CONVERSION = YES;
				CLANG_WARN_COMMA = YES;
				CLANG_WARN_CONSTANT_CONVERSION = YES;
				CLANG_WARN_DEPRECATED_OBJC_IMPLEMENTATIONS = YES;
				CLANG_WARN_DOCUMENTATION_COMMENTS = YES;
				CLANG_WARN_EMPTY_BODY = YES;
				CLANG_WARN_ENUM_CONVERSION = YES;
				CLANG_WARN_INFINITE_RECURSION = YES;
				CLANG_WARN_INT_CONVERSION = YES;
				CLANG_WARN_NON_LITERAL_NULL_CONVERSION = YES;
				CLANG_WARN_OBJC_IMPLICIT_RETAIN_SELF = YES;
				CLANG_WARN_OBJC_LITERAL_CONVERSION = YES;
				CLANG_WARN_QUOTED_INCLUDE_IN_FRAMEWORK_HEADER = YES;
				CLANG_WARN_RANGE_LOOP_ANALYSIS = YES;
				CLANG_WARN_STRICT_PROTOTYPES = YES;
				CLANG_WARN_SUSPICIOUS_MOVE = YES;
				CLANG_WARN_UNGUARDED_AVAILABILITY = YES_AGGRESSIVE;
				CLANG_WARN_UNREACHABLE_CODE = YES;
				CLANG_WARN__DUPLICATE_METHOD_MATCH = YES;
				COPY_PHASE_STRIP = NO;
				DEBUG_INFORMATION_FORMAT = dwarf;
				ENABLE_STRICT_OBJC_MSGSEND = YES;
				ENABLE_TESTABILITY = YES;
				GCC_C_LANGUAGE_STANDARD = gnu17;
				GCC_NO_COMMON_BLOCKS = YES;
				GCC_OPTIMIZATION_LEVEL = 0;
				GCC_PREPROCESSOR_DEFINITIONS = (
					"DEBUG=1",
					"$(inherited)",
				);
				GCC_WARN_64_TO_32_BIT_CONVERSION = YES;
				GCC_WARN_ABOUT_RETURN_TYPE = YES_ERROR;
				GCC_WARN_UNDECLARED_SELECTOR = YES;
				GCC_WARN_UNINITIALIZED_AUTOS = YES_AGGRESSIVE;
				GCC_WARN_UNUSED_FUNCTION = YES;
				GCC_WARN_UNUSED_VARIABLE = YES;
				IPHONEOS_DEPLOYMENT_TARGET = 16.0;
				MTL_ENABLE_DEBUG_INFO = INCLUDE_SOURCE;
				MTL_FAST_MATH = YES;
				ONLY_ACTIVE_ARCH = YES;
				SDKROOT = iphoneos;
				SWIFT_ACTIVE_COMPILATION_CONDITIONS = "DEBUG $(inherited)";
				SWIFT_OPTIMIZATION_LEVEL = "-Onone";
			};
			name = Debug;
		};
		500000000000000000000002 /* Release */ = {
			isa = XCBuildConfiguration;
			buildSettings = {
				ALWAYS_SEARCH_USER_PATHS = NO;
				CLANG_ANALYZER_NONNULL = YES;
				CLANG_ANALYZER_NUMBER_OBJECT_CONVERSION = YES_AGGRESSIVE;
				CLANG_CXX_LANGUAGE_STANDARD = "gnu++20";
				CLANG_ENABLE_MODULES = YES;
				CLANG_ENABLE_OBJC_ARC = YES;
				CLANG_ENABLE_OBJC_WEAK = YES;
				CLANG_WARN_BLOCK_CAPTURE_AUTORELEASING = YES;
				CLANG_WARN_BOOL_CONVERSION = YES;
				CLANG_WARN_COMMA = YES;
				CLANG_WARN_CONSTANT_CONVERSION = YES;
				CLANG_WARN_DEPRECATED_OBJC_IMPLEMENTATIONS = YES;
				CLANG_WARN_DOCUMENTATION_COMMENTS = YES;
				CLANG_WARN_EMPTY_BODY = YES;
				CLANG_WARN_ENUM_CONVERSION = YES;
				CLANG_WARN_INFINITE_RECURSION = YES;
				CLANG_WARN_INT_CONVERSION = YES;
				CLANG_WARN_NON_LITERAL_NULL_CONVERSION = YES;
				CLANG_WARN_OBJC_IMPLICIT_RETAIN_SELF = YES;
				CLANG_WARN_OBJC_LITERAL_CONVERSION = YES;
				CLANG_WARN_QUOTED_INCLUDE_IN_FRAMEWORK_HEADER = YES;
				CLANG_WARN_RANGE_LOOP_ANALYSIS = YES;
				CLANG_WARN_STRICT_PROTOTYPES = YES;
				CLANG_WARN_SUSPICIOUS_MOVE = YES;
				CLANG_WARN_UNGUARDED_AVAILABILITY = YES_AGGRESSIVE;
				CLANG_WARN_UNREACHABLE_CODE = YES;
				CLANG_WARN__DUPLICATE_METHOD_MATCH = YES;
				COPY_PHASE_STRIP = NO;
				DEBUG_INFORMATION_FORMAT = "dwarf-with-dsym";
				ENABLE_NS_ASSERTIONS = NO;
				ENABLE_STRICT_OBJC_MSGSEND = YES;
				GCC_C_LANGUAGE_STANDARD = gnu17;
				GCC_NO_COMMON_BLOCKS = YES;
				GCC_WARN_64_TO_32_BIT_CONVERSION = YES;
				GCC_WARN_ABOUT_RETURN_TYPE = YES_ERROR;
				GCC_WARN_UNDECLARED_SELECTOR = YES;
				GCC_WARN_UNINITIALIZED_AUTOS = YES_AGGRESSIVE;
				GCC_WARN_UNUSED_FUNCTION = YES;
				GCC_WARN_UNUSED_VARIABLE = YES;
				IPHONEOS_DEPLOYMENT_TARGET = 16.0;
				MTL_ENABLE_DEBUG_INFO = NO;
				MTL_FAST_MATH = YES;
				SDKROOT = iphoneos;
				SWIFT_COMPILATION_MODE = wholemodule;
				VALIDATE_PRODUCT = YES;
			};
			name = Release;
		};
		510000000000000000000001 /* Debug */ = {
			isa = XCBuildConfiguration;
			buildSettings = {
				CODE_SIGN_STYLE = Automatic;
				CURRENT_PROJECT_VERSION = 1;
				ENABLE_PREVIEWS = YES;
				ENABLE_USER_SCRIPT_SANDBOXING = YES;
				GENERATE_INFOPLIST_FILE = YES;
				INFOPLIST_KEY_CFBundleDisplayName = "Food&Home";
				INFOPLIST_KEY_LSApplicationCategoryType = "public.app-category.food-and-drink";
				INFOPLIST_KEY_NSCameraUsageDescription = "Камера нужна, чтобы добавить фотографию блюда или профиля по вашему выбору.";
				INFOPLIST_KEY_NSLocationWhenInUseUsageDescription = "Геолокация используется только по вашему запросу, чтобы показать доступную доставку рядом.";
				INFOPLIST_KEY_UIApplicationSceneManifest_Generation = YES;
				INFOPLIST_KEY_UIApplicationSupportsIndirectInputEvents = YES;
				INFOPLIST_KEY_UILaunchScreen_Generation = YES;
				IPHONEOS_DEPLOYMENT_TARGET = 16.0;
				MARKETING_VERSION = 0.1.0;
				PRODUCT_BUNDLE_IDENTIFIER = market.foodhome.app;
				PRODUCT_NAME = "$(TARGET_NAME)";
				SUPPORTED_PLATFORMS = "iphoneos iphonesimulator";
				SUPPORTS_MACCATALYST = NO;
				SWIFT_EMIT_LOC_STRINGS = YES;
				SWIFT_VERSION = 5.0;
				TARGETED_DEVICE_FAMILY = 1;
			};
			name = Debug;
		};
		510000000000000000000002 /* Release */ = {
			isa = XCBuildConfiguration;
			buildSettings = {
				CODE_SIGN_STYLE = Automatic;
				CURRENT_PROJECT_VERSION = 1;
				ENABLE_USER_SCRIPT_SANDBOXING = YES;
				GENERATE_INFOPLIST_FILE = YES;
				INFOPLIST_KEY_CFBundleDisplayName = "Food&Home";
				INFOPLIST_KEY_LSApplicationCategoryType = "public.app-category.food-and-drink";
				INFOPLIST_KEY_NSCameraUsageDescription = "Камера нужна, чтобы добавить фотографию блюда или профиля по вашему выбору.";
				INFOPLIST_KEY_NSLocationWhenInUseUsageDescription = "Геолокация используется только по вашему запросу, чтобы показать доступную доставку рядом.";
				INFOPLIST_KEY_UIApplicationSceneManifest_Generation = YES;
				INFOPLIST_KEY_UIApplicationSupportsIndirectInputEvents = YES;
				INFOPLIST_KEY_UILaunchScreen_Generation = YES;
				IPHONEOS_DEPLOYMENT_TARGET = 16.0;
				MARKETING_VERSION = 0.1.0;
				PRODUCT_BUNDLE_IDENTIFIER = market.foodhome.app;
				PRODUCT_NAME = "$(TARGET_NAME)";
				SUPPORTED_PLATFORMS = "iphoneos iphonesimulator";
				SUPPORTS_MACCATALYST = NO;
				SWIFT_EMIT_LOC_STRINGS = YES;
				SWIFT_VERSION = 5.0;
				TARGETED_DEVICE_FAMILY = 1;
			};
			name = Release;
		};
		520000000000000000000001 /* Debug */ = {
			isa = XCBuildConfiguration;
			buildSettings = {
				BUNDLE_LOADER = "$(TEST_HOST)";
				CODE_SIGN_STYLE = Automatic;
				GENERATE_INFOPLIST_FILE = YES;
				IPHONEOS_DEPLOYMENT_TARGET = 16.0;
				PRODUCT_BUNDLE_IDENTIFIER = market.foodhome.app.tests;
				PRODUCT_NAME = "$(TARGET_NAME)";
				SWIFT_VERSION = 5.0;
				TARGETED_DEVICE_FAMILY = 1;
				TEST_HOST = "$(BUILT_PRODUCTS_DIR)/FoodHomeApp.app/$(BUNDLE_EXECUTABLE_FOLDER_PATH)/FoodHomeApp";
			};
			name = Debug;
		};
		520000000000000000000002 /* Release */ = {
			isa = XCBuildConfiguration;
			buildSettings = {
				BUNDLE_LOADER = "$(TEST_HOST)";
				CODE_SIGN_STYLE = Automatic;
				GENERATE_INFOPLIST_FILE = YES;
				IPHONEOS_DEPLOYMENT_TARGET = 16.0;
				PRODUCT_BUNDLE_IDENTIFIER = market.foodhome.app.tests;
				PRODUCT_NAME = "$(TARGET_NAME)";
				SWIFT_VERSION = 5.0;
				TARGETED_DEVICE_FAMILY = 1;
				TEST_HOST = "$(BUILT_PRODUCTS_DIR)/FoodHomeApp.app/$(BUNDLE_EXECUTABLE_FOLDER_PATH)/FoodHomeApp";
			};
			name = Release;
		};
		530000000000000000000001 /* Debug */ = {
			isa = XCBuildConfiguration;
			buildSettings = {
				CODE_SIGN_STYLE = Automatic;
				GENERATE_INFOPLIST_FILE = YES;
				IPHONEOS_DEPLOYMENT_TARGET = 16.0;
				PRODUCT_BUNDLE_IDENTIFIER = market.foodhome.app.uitests;
				PRODUCT_NAME = "$(TARGET_NAME)";
				SWIFT_VERSION = 5.0;
				TARGETED_DEVICE_FAMILY = 1;
				TEST_TARGET_NAME = FoodHomeApp;
			};
			name = Debug;
		};
		530000000000000000000002 /* Release */ = {
			isa = XCBuildConfiguration;
			buildSettings = {
				CODE_SIGN_STYLE = Automatic;
				GENERATE_INFOPLIST_FILE = YES;
				IPHONEOS_DEPLOYMENT_TARGET = 16.0;
				PRODUCT_BUNDLE_IDENTIFIER = market.foodhome.app.uitests;
				PRODUCT_NAME = "$(TARGET_NAME)";
				SWIFT_VERSION = 5.0;
				TARGETED_DEVICE_FAMILY = 1;
				TEST_TARGET_NAME = FoodHomeApp;
			};
			name = Release;
		};
/* End XCBuildConfiguration section */

/* Begin XCConfigurationList section */
		600000000000000000000001 /* Build configuration list for PBXProject "FoodHomeApp" */ = {
			isa = XCConfigurationList;
			buildConfigurations = (
				500000000000000000000001 /* Debug */,
				500000000000000000000002 /* Release */,
			);
			defaultConfigurationIsVisible = 0;
			defaultConfigurationName = Release;
		};
		610000000000000000000001 /* Build configuration list for PBXNativeTarget "FoodHomeApp" */ = {
			isa = XCConfigurationList;
			buildConfigurations = (
				510000000000000000000001 /* Debug */,
				510000000000000000000002 /* Release */,
			);
			defaultConfigurationIsVisible = 0;
			defaultConfigurationName = Release;
		};
		620000000000000000000001 /* Build configuration list for PBXNativeTarget "FoodHomeAppTests" */ = {
			isa = XCConfigurationList;
			buildConfigurations = (
				520000000000000000000001 /* Debug */,
				520000000000000000000002 /* Release */,
			);
			defaultConfigurationIsVisible = 0;
			defaultConfigurationName = Release;
		};
		630000000000000000000001 /* Build configuration list for PBXNativeTarget "FoodHomeAppUITests" */ = {
			isa = XCConfigurationList;
			buildConfigurations = (
				530000000000000000000001 /* Debug */,
				530000000000000000000002 /* Release */,
			);
			defaultConfigurationIsVisible = 0;
			defaultConfigurationName = Release;
		};
/* End XCConfigurationList section */
	};
	rootObject = 000000000000000000000001 /* Project object */;
}
